
Microsoft Visual Studio Solution File, Format Version 12.00
# Visual Studio Version 16
VisualStudioVersion = 16.0.30011.22
MinimumVisualStudioVersion = 10.0.40219.1
Project("{FAE04EC0-301F-11D3-BF4B-00C04F79EFBC}") = "ProjectApp", "ProjectApp\ProjectApp.csproj", "{CDEBE644-0153-43BF-9A51-5ABA9ABA0557}"
EndProject
Global
	GlobalSection(SolutionConfigurationPlatforms) = preSolution
		Debug|Any CPU = Debug|Any CPU
		Release|Any CPU = Release|Any CPU
	EndGlobalSection
	GlobalSection(ProjectConfigurationPlatforms) = postSolution
		{CDEBE644-0153-43BF-9A51-5ABA9ABA0557}.Debug|Any CPU.ActiveCfg = Debug|Any CPU
		{CDEBE644-0153-43BF-9A51-5ABA9ABA0557}.Debug|Any CPU.Build.0 = Debug|Any CPU
		{CDEBE644-0153-43BF-9A51-5ABA9ABA0557}.Release|Any CPU.ActiveCfg = Release|Any CPU
		{CDEBE644-0153-43BF-9A51-5ABA9ABA0557}.Release|Any CPU.Build.0 = Release|Any CPU
	EndGlobalSection
	GlobalSection(SolutionProperties) = preSolution
		HideSolutionNode = FALSE
	EndGlobalSection
	GlobalSection(ExtensibilityGlobals) = postSolution
		SolutionGuid = {48C6883E-2A15-442F-9DD2-A70EB72DDA48}
	EndGlobalSection
EndGlobal
